// !$*UTF8*$!
{
	archiveVersion = 1;
	classes = {
	};
	objectVersion = 56;
	objects = {

/* Begin PBXBuildFile section */
		D69AB01B2BAB8FD70023DB78 /* PokemonAppApp.swift in Sources */ = {isa = PBXBuildFile; fileRef = D69AB01A2BAB8FD70023DB78 /* PokemonAppApp.swift */; };
		D69AB01D2BAB8FD70023DB78 /* ContentView.swift in Sources */ = {isa = PBXBuildFile; fileRef = D69AB01C2BAB8FD70023DB78 /* ContentView.swift */; };
		D69AB01F2BAB8FDA0023DB78 /* Assets.xcassets in Resources */ = {isa = PBXBuildFile; fileRef = D69AB01E2BAB8FDA0023DB78 /* Assets.xcassets */; };
		D69AB0222BAB8FDA0023DB78 /* Preview Assets.xcassets in Resources */ = {isa = PBXBuildFile; fileRef = D69AB0212BAB8FDA0023DB78 /* Preview Assets.xcassets */; };
		D69AB02C2BAB8FDA0023DB78 /* PokemonAppTests.swift in Sources */ = {isa = PBXBuildFile; fileRef = D69AB02B2BAB8FDA0023DB78 /* PokemonAppTests.swift */; };
		D69AB0362BAB8FDA0023DB78 /* PokemonAppUITests.swift in Sources */ = {isa = PBXBuildFile; fileRef = D69AB0352BAB8FDA0023DB78 /* PokemonAppUITests.swift */; };
		D69AB0382BAB8FDA0023DB78 /* PokemonAppUITestsLaunchTests.swift in Sources */ = {isa = PBXBuildFile; fileRef = D69AB0372BAB8FDA0023DB78 /* PokemonAppUITestsLaunchTests.swift */; };
		D69AB0492BABBFF30023DB78 /* RemoteURL.swift in Sources */ = {isa = PBXBuildFile; fileRef = D69AB0482BABBFF30023DB78 /* RemoteURL.swift */; };
		D69AB04B2BABC24C0023DB78 /* NSCacheStorage.swift in Sources */ = {isa = PBXBuildFile; fileRef = D69AB04A2BABC24C0023DB78 /* NSCacheStorage.swift */; };
		D69AB04F2BABC5F40023DB78 /* AppError.swift in Sources */ = {isa = PBXBuildFile; fileRef = D69AB04E2BABC5F40023DB78 /* AppError.swift */; };
		D69AB0522BABC6680023DB78 /* ApiService.swift in Sources */ = {isa = PBXBuildFile; fileRef = D69AB0512BABC6680023DB78 /* ApiService.swift */; };
		D69AB0572BABC9A80023DB78 /* PokemonFakeList.swift in Sources */ = {isa = PBXBuildFile; fileRef = D69AB0562BABC9A80023DB78 /* PokemonFakeList.swift */; };
		D69AB0592BABCBDF0023DB78 /* FakeApiService.swift in Sources */ = {isa = PBXBuildFile; fileRef = D69AB0582BABCBDF0023DB78 /* FakeApiService.swift */; };
		D69AB05E2BABD0150023DB78 /* PokemonRepository_tests.swift in Sources */ = {isa = PBXBuildFile; fileRef = D69AB05D2BABD0150023DB78 /* PokemonRepository_tests.swift */; };
		D69AB0642BABD0B20023DB78 /* PokemonRepository.swift in Sources */ = {isa = PBXBuildFile; fileRef = D69AB0632BABD0B20023DB78 /* PokemonRepository.swift */; };
		D69AB0662BABD1DB0023DB78 /* PokemonListReponse.swift in Sources */ = {isa = PBXBuildFile; fileRef = D69AB0652BABD1DB0023DB78 /* PokemonListReponse.swift */; };
		D69AB0682BAC11C40023DB78 /* PokemonDetailResponse.swift in Sources */ = {isa = PBXBuildFile; fileRef = D69AB0672BAC11C40023DB78 /* PokemonDetailResponse.swift */; };
		D69AB06D2BAC1F260023DB78 /* PokemonListBusinessModel.swift in Sources */ = {isa = PBXBuildFile; fileRef = D69AB06C2BAC1F260023DB78 /* PokemonListBusinessModel.swift */; };
		D69AB06F2BAC22580023DB78 /* PokemonUseCase.swift in Sources */ = {isa = PBXBuildFile; fileRef = D69AB06E2BAC22580023DB78 /* PokemonUseCase.swift */; };
		D69AB0712BAC2BC00023DB78 /* DetailPokemonListBusinessModel.swift in Sources */ = {isa = PBXBuildFile; fileRef = D69AB0702BAC2BC00023DB78 /* DetailPokemonListBusinessModel.swift */; };
/* End PBXBuildFile section */

/* Begin PBXContainerItemProxy section */
		D69AB0282BAB8FDA0023DB78 /* PBXContainerItemProxy */ = {
			isa = PBXContainerItemProxy;
			containerPortal = D69AB00F2BAB8FD70023DB78 /* Project object */;
			proxyType = 1;
			remoteGlobalIDString = D69AB0162BAB8FD70023DB78;
			remoteInfo = PokemonApp;
		};
		D69AB0322BAB8FDA0023DB78 /* PBXContainerItemProxy */ = {
			isa = PBXContainerItemProxy;
			containerPortal = D69AB00F2BAB8FD70023DB78 /* Project object */;
			proxyType = 1;
			remoteGlobalIDString = D69AB0162BAB8FD70023DB78;
			remoteInfo = PokemonApp;
		};
/* End PBXContainerItemProxy section */

/* Begin PBXFileReference section */
		D69AB0172BAB8FD70023DB78 /* PokemonApp.app */ = {isa = PBXFileReference; explicitFileType = wrapper.application; includeInIndex = 0; path = PokemonApp.app; sourceTree = BUILT_PRODUCTS_DIR; };
		D69AB01A2BAB8FD70023DB78 /* PokemonAppApp.swift */ = {isa = PBXFileReference; lastKnownFileType = sourcecode.swift; path = PokemonAppApp.swift; sourceTree = "<group>"; };
		D69AB01C2BAB8FD70023DB78 /* ContentView.swift */ = {isa = PBXFileReference; lastKnownFileType = sourcecode.swift; path = ContentView.swift; sourceTree = "<group>"; };
		D69AB01E2BAB8FDA0023DB78 /* Assets.xcassets */ = {isa = PBXFileReference; lastKnownFileType = folder.assetcatalog; path = Assets.xcassets; sourceTree = "<group>"; };
		D69AB0212BAB8FDA0023DB78 /* Preview Assets.xcassets */ = {isa = PBXFileReference; lastKnownFileType = folder.assetcatalog; path = "Preview Assets.xcassets"; sourceTree = "<group>"; };
		D69AB0272BAB8FDA0023DB78 /* PokemonAppTests.xctest */ = {isa = PBXFileReference; explicitFileType = wrapper.cfbundle; includeInIndex = 0; path = PokemonAppTests.xctest; sourceTree = BUILT_PRODUCTS_DIR; };
		D69AB02B2BAB8FDA0023DB78 /* PokemonAppTests.swift */ = {isa = PBXFileReference; lastKnownFileType = sourcecode.swift; path = PokemonAppTests.swift; sourceTree = "<group>"; };
		D69AB0312BAB8FDA0023DB78 /* PokemonAppUITests.xctest */ = {isa = PBXFileReference; explicitFileType = wrapper.cfbundle; includeInIndex = 0; path = PokemonAppUITests.xctest; sourceTree = BUILT_PRODUCTS_DIR; };
		D69AB0352BAB8FDA0023DB78 /* PokemonAppUITests.swift */ = {isa = PBXFileReference; lastKnownFileType = sourcecode.swift; path = PokemonAppUITests.swift; sourceTree = "<group>"; };
		D69AB0372BAB8FDA0023DB78 /* PokemonAppUITestsLaunchTests.swift */ = {isa = PBXFileReference; lastKnownFileType = sourcecode.swift; path = PokemonAppUITestsLaunchTests.swift; sourceTree = "<group>"; };
		D69AB0482BABBFF30023DB78 /* RemoteURL.swift */ = {isa = PBXFileReference; lastKnownFileType = sourcecode.swift; path = RemoteURL.swift; sourceTree = "<group>"; };
		D69AB04A2BABC24C0023DB78 /* NSCacheStorage.swift */ = {isa = PBXFileReference; lastKnownFileType = sourcecode.swift; path = NSCacheStorage.swift; sourceTree = "<group>"; };
		D69AB04E2BABC5F40023DB78 /* AppError.swift */ = {isa = PBXFileReference; lastKnownFileType = sourcecode.swift; path = AppError.swift; sourceTree = "<group>"; };
		D69AB0512BABC6680023DB78 /* ApiService.swift */ = {isa = PBXFileReference; lastKnownFileType = sourcecode.swift; path = ApiService.swift; sourceTree = "<group>"; };
		D69AB0562BABC9A80023DB78 /* PokemonFakeList.swift */ = {isa = PBXFileReference; lastKnownFileType = sourcecode.swift; path = PokemonFakeList.swift; sourceTree = "<group>"; };
		D69AB0582BABCBDF0023DB78 /* FakeApiService.swift */ = {isa = PBXFileReference; lastKnownFileType = sourcecode.swift; path = FakeApiService.swift; sourceTree = "<group>"; };
		D69AB05D2BABD0150023DB78 /* PokemonRepository_tests.swift */ = {isa = PBXFileReference; lastKnownFileType = sourcecode.swift; path = PokemonRepository_tests.swift; sourceTree = "<group>"; };
		D69AB0632BABD0B20023DB78 /* PokemonRepository.swift */ = {isa = PBXFileReference; lastKnownFileType = sourcecode.swift; path = PokemonRepository.swift; sourceTree = "<group>"; };
		D69AB0652BABD1DB0023DB78 /* PokemonListReponse.swift */ = {isa = PBXFileReference; lastKnownFileType = sourcecode.swift; path = PokemonListReponse.swift; sourceTree = "<group>"; };
		D69AB0672BAC11C40023DB78 /* PokemonDetailResponse.swift */ = {isa = PBXFileReference; lastKnownFileType = sourcecode.swift; path = PokemonDetailResponse.swift; sourceTree = "<group>"; };
		D69AB06C2BAC1F260023DB78 /* PokemonListBusinessModel.swift */ = {isa = PBXFileReference; lastKnownFileType = sourcecode.swift; path = PokemonListBusinessModel.swift; sourceTree = "<group>"; };
		D69AB06E2BAC22580023DB78 /* PokemonUseCase.swift */ = {isa = PBXFileReference; lastKnownFileType = sourcecode.swift; path = PokemonUseCase.swift; sourceTree = "<group>"; };
		D69AB0702BAC2BC00023DB78 /* DetailPokemonListBusinessModel.swift */ = {isa = PBXFileReference; lastKnownFileType = sourcecode.swift; path = DetailPokemonListBusinessModel.swift; sourceTree = "<group>"; };
/* End PBXFileReference section */

/* Begin PBXFrameworksBuildPhase section */
		D69AB0142BAB8FD70023DB78 /* Frameworks */ = {
			isa = PBXFrameworksBuildPhase;
			buildActionMask = 2147483647;
			files = (
			);
			runOnlyForDeploymentPostprocessing = 0;
		};
		D69AB0242BAB8FDA0023DB78 /* Frameworks */ = {
			isa = PBXFrameworksBuildPhase;
			buildActionMask = 2147483647;
			files = (
			);
			runOnlyForDeploymentPostprocessing = 0;
		};
		D69AB02E2BAB8FDA0023DB78 /* Frameworks */ = {
			isa = PBXFrameworksBuildPhase;
			buildActionMask = 2147483647;
			files = (
			);
			runOnlyForDeploymentPostprocessing = 0;
		};
/* End PBXFrameworksBuildPhase section */

/* Begin PBXGroup section */
		D6260A392BAC406300B877A5 /* Presentation */ = {
			isa = PBXGroup;
			children = (
			);
			path = Presentation;
			sourceTree = "<group>";
		};
		D69AB00E2BAB8FD70023DB78 = {
			isa = PBXGroup;
			children = (
				D69AB0192BAB8FD70023DB78 /* PokemonApp */,
				D69AB02A2BAB8FDA0023DB78 /* PokemonAppTests */,
				D69AB0342BAB8FDA0023DB78 /* PokemonAppUITests */,
				D69AB0182BAB8FD70023DB78 /* Products */,
			);
			sourceTree = "<group>";
		};
		D69AB0182BAB8FD70023DB78 /* Products */ = {
			isa = PBXGroup;
			children = (
				D69AB0172BAB8FD70023DB78 /* PokemonApp.app */,
				D69AB0272BAB8FDA0023DB78 /* PokemonAppTests.xctest */,
				D69AB0312BAB8FDA0023DB78 /* PokemonAppUITests.xctest */,
			);
			name = Products;
			sourceTree = "<group>";
		};
		D69AB0192BAB8FD70023DB78 /* PokemonApp */ = {
			isa = PBXGroup;
			children = (
				D69AB0452BABBF290023DB78 /* Base */,
				D69AB04C2BABC5BF0023DB78 /* Features */,
				D69AB01A2BAB8FD70023DB78 /* PokemonAppApp.swift */,
				D69AB01C2BAB8FD70023DB78 /* ContentView.swift */,
				D69AB01E2BAB8FDA0023DB78 /* Assets.xcassets */,
				D69AB0202BAB8FDA0023DB78 /* Preview Content */,
			);
			path = PokemonApp;
			sourceTree = "<group>";
		};
		D69AB0202BAB8FDA0023DB78 /* Preview Content */ = {
			isa = PBXGroup;
			children = (
				D69AB0212BAB8FDA0023DB78 /* Preview Assets.xcassets */,
			);
			path = "Preview Content";
			sourceTree = "<group>";
		};
		D69AB02A2BAB8FDA0023DB78 /* PokemonAppTests */ = {
			isa = PBXGroup;
			children = (
				D69AB0532BABC9490023DB78 /* Fakes */,
				D69AB02B2BAB8FDA0023DB78 /* PokemonAppTests.swift */,
			);
			path = PokemonAppTests;
			sourceTree = "<group>";
		};
		D69AB0342BAB8FDA0023DB78 /* PokemonAppUITests */ = {
			isa = PBXGroup;
			children = (
				D69AB0352BAB8FDA0023DB78 /* PokemonAppUITests.swift */,
				D69AB0372BAB8FDA0023DB78 /* PokemonAppUITestsLaunchTests.swift */,
			);
			path = PokemonAppUITests;
			sourceTree = "<group>";
		};
		D69AB0452BABBF290023DB78 /* Base */ = {
			isa = PBXGroup;
			children = (
				D69AB0462BABBF470023DB78 /* RemoteURL */,
				D69AB0472BABBF550023DB78 /* NSCache */,
				D69AB04D2BABC5CE0023DB78 /* Error */,
				D69AB0502BABC6280023DB78 /* ApiService */,
			);
			path = Base;
			sourceTree = "<group>";
		};
		D69AB0462BABBF470023DB78 /* RemoteURL */ = {
			isa = PBXGroup;
			children = (
				D69AB0482BABBFF30023DB78 /* RemoteURL.swift */,
			);
			path = RemoteURL;
			sourceTree = "<group>";
		};
		D69AB0472BABBF550023DB78 /* NSCache */ = {
			isa = PBXGroup;
			children = (
				D69AB04A2BABC24C0023DB78 /* NSCacheStorage.swift */,
			);
			path = NSCache;
			sourceTree = "<group>";
		};
		D69AB04C2BABC5BF0023DB78 /* Features */ = {
			isa = PBXGroup;
			children = (
				D6260A392BAC406300B877A5 /* Presentation */,
				D69AB0692BAC1ED00023DB78 /* Domain */,
				D69AB05F2BABD0730023DB78 /* Data */,
			);
			path = Features;
			sourceTree = "<group>";
		};
		D69AB04D2BABC5CE0023DB78 /* Error */ = {
			isa = PBXGroup;
			children = (
				D69AB04E2BABC5F40023DB78 /* AppError.swift */,
			);
			path = Error;
			sourceTree = "<group>";
		};
		D69AB0502BABC6280023DB78 /* ApiService */ = {
			isa = PBXGroup;
			children = (
				D69AB0512BABC6680023DB78 /* ApiService.swift */,
			);
			path = ApiService;
			sourceTree = "<group>";
		};
		D69AB0532BABC9490023DB78 /* Fakes */ = {
			isa = PBXGroup;
			children = (
				D69AB05A2BABCFD80023DB78 /* Features */,
				D69AB0542BABC9570023DB78 /* ApiService */,
				D69AB0552BABC9600023DB78 /* RawData */,
			);
			path = Fakes;
			sourceTree = "<group>";
		};
		D69AB0542BABC9570023DB78 /* ApiService */ = {
			isa = PBXGroup;
			children = (
				D69AB0582BABCBDF0023DB78 /* FakeApiService.swift */,
			);
			path = ApiService;
			sourceTree = "<group>";
		};
		D69AB0552BABC9600023DB78 /* RawData */ = {
			isa = PBXGroup;
			children = (
				D69AB0562BABC9A80023DB78 /* PokemonFakeList.swift */,
			);
			path = RawData;
			sourceTree = "<group>";
		};
		D69AB05A2BABCFD80023DB78 /* Features */ = {
			isa = PBXGroup;
			children = (
				D69AB05C2BABCFFC0023DB78 /* Data */,
			);
			path = Features;
			sourceTree = "<group>";
		};
		D69AB05B2BABCFE60023DB78 /* PokemonRepository */ = {
			isa = PBXGroup;
			children = (
				D69AB05D2BABD0150023DB78 /* PokemonRepository_tests.swift */,
			);
			path = PokemonRepository;
			sourceTree = "<group>";
		};
		D69AB05C2BABCFFC0023DB78 /* Data */ = {
			isa = PBXGroup;
			children = (
				D69AB05B2BABCFE60023DB78 /* PokemonRepository */,
			);
			path = Data;
			sourceTree = "<group>";
		};
		D69AB05F2BABD0730023DB78 /* Data */ = {
			isa = PBXGroup;
			children = (
				D69AB0602BABD07C0023DB78 /* Repositories */,
			);
			path = Data;
			sourceTree = "<group>";
		};
		D69AB0602BABD07C0023DB78 /* Repositories */ = {
			isa = PBXGroup;
			children = (
				D69AB0612BABD0860023DB78 /* PokemonRepository */,
			);
			path = Repositories;
			sourceTree = "<group>";
		};
		D69AB0612BABD0860023DB78 /* PokemonRepository */ = {
			isa = PBXGroup;
			children = (
				D69AB0622BABD0990023DB78 /* Response */,
				D69AB0632BABD0B20023DB78 /* PokemonRepository.swift */,
			);
			path = PokemonRepository;
			sourceTree = "<group>";
		};
		D69AB0622BABD0990023DB78 /* Response */ = {
			isa = PBXGroup;
			children = (
				D69AB0652BABD1DB0023DB78 /* PokemonListReponse.swift */,
				D69AB0672BAC11C40023DB78 /* PokemonDetailResponse.swift */,
			);
			path = Response;
			sourceTree = "<group>";
		};
		D69AB0692BAC1ED00023DB78 /* Domain */ = {
			isa = PBXGroup;
			children = (
				D69AB06A2BAC1EDC0023DB78 /* PokemonUseCase */,
			);
			path = Domain;
			sourceTree = "<group>";
		};
		D69AB06A2BAC1EDC0023DB78 /* PokemonUseCase */ = {
			isa = PBXGroup;
			children = (
				D69AB06B2BAC1EEE0023DB78 /* BusinessModel */,
				D69AB06E2BAC22580023DB78 /* PokemonUseCase.swift */,
			);
			path = PokemonUseCase;
			sourceTree = "<group>";
		};
		D69AB06B2BAC1EEE0023DB78 /* BusinessModel */ = {
			isa = PBXGroup;
			children = (
				D69AB06C2BAC1F260023DB78 /* PokemonListBusinessModel.swift */,
				D69AB0702BAC2BC00023DB78 /* DetailPokemonListBusinessModel.swift */,
			);
			path = BusinessModel;
			sourceTree = "<group>";
		};
/* End PBXGroup section */

/* Begin PBXNativeTarget section */
		D69AB0162BAB8FD70023DB78 /* PokemonApp */ = {
			isa = PBXNativeTarget;
			buildConfigurationList = D69AB03B2BAB8FDA0023DB78 /* Build configuration list for PBXNativeTarget "PokemonApp" */;
			buildPhases = (
				D69AB0132BAB8FD70023DB78 /* Sources */,
				D69AB0142BAB8FD70023DB78 /* Frameworks */,
				D69AB0152BAB8FD70023DB78 /* Resources */,
			);
			buildRules = (
			);
			dependencies = (
			);
			name = PokemonApp;
			productName = PokemonApp;
			productReference = D69AB0172BAB8FD70023DB78 /* PokemonApp.app */;
			productType = "com.apple.product-type.application";
		};
		D69AB0262BAB8FDA0023DB78 /* PokemonAppTests */ = {
			isa = PBXNativeTarget;
			buildConfigurationList = D69AB03E2BAB8FDA0023DB78 /* Build configuration list for PBXNativeTarget "PokemonAppTests" */;
			buildPhases = (
				D69AB0232BAB8FDA0023DB78 /* Sources */,
				D69AB0242BAB8FDA0023DB78 /* Frameworks */,
				D69AB0252BAB8FDA0023DB78 /* Resources */,
			);
			buildRules = (
			);
			dependencies = (
				D69AB0292BAB8FDA0023DB78 /* PBXTargetDependency */,
			);
			name = PokemonAppTests;
			productName = PokemonAppTests;
			productReference = D69AB0272BAB8FDA0023DB78 /* PokemonAppTests.xctest */;
			productType = "com.apple.product-type.bundle.unit-test";
		};
		D69AB0302BAB8FDA0023DB78 /* PokemonAppUITests */ = {
			isa = PBXNativeTarget;
			buildConfigurationList = D69AB0412BAB8FDA0023DB78 /* Build configuration list for PBXNativeTarget "PokemonAppUITests" */;
			buildPhases = (
				D69AB02D2BAB8FDA0023DB78 /* Sources */,
				D69AB02E2BAB8FDA0023DB78 /* Frameworks */,
				D69AB02F2BAB8FDA0023DB78 /* Resources */,
			);
			buildRules = (
			);
			dependencies = (
				D69AB0332BAB8FDA0023DB78 /* PBXTargetDependency */,
			);
			name = PokemonAppUITests;
			productName = PokemonAppUITests;
			productReference = D69AB0312BAB8FDA0023DB78 /* PokemonAppUITests.xctest */;
			productType = "com.apple.product-type.bundle.ui-testing";
		};
/* End PBXNativeTarget section */

/* Begin PBXProject section */
		D69AB00F2BAB8FD70023DB78 /* Project object */ = {
			isa = PBXProject;
			attributes = {
				BuildIndependentTargetsInParallel = 1;
				LastSwiftUpdateCheck = 1500;
				LastUpgradeCheck = 1500;
				TargetAttributes = {
					D69AB0162BAB8FD70023DB78 = {
						CreatedOnToolsVersion = 15.0.1;
					};
					D69AB0262BAB8FDA0023DB78 = {
						CreatedOnToolsVersion = 15.0.1;
						TestTargetID = D69AB0162BAB8FD70023DB78;
					};
					D69AB0302BAB8FDA0023DB78 = {
						CreatedOnToolsVersion = 15.0.1;
						TestTargetID = D69AB0162BAB8FD70023DB78;
					};
				};
			};
			buildConfigurationList = D69AB0122BAB8FD70023DB78 /* Build configuration list for PBXProject "PokemonApp" */;
			compatibilityVersion = "Xcode 14.0";
			developmentRegion = en;
			hasScannedForEncodings = 0;
			knownRegions = (
				en,
				Base,
			);
			mainGroup = D69AB00E2BAB8FD70023DB78;
			productRefGroup = D69AB0182BAB8FD70023DB78 /* Products */;
			projectDirPath = "";
			projectRoot = "";
			targets = (
				D69AB0162BAB8FD70023DB78 /* PokemonApp */,
				D69AB0262BAB8FDA0023DB78 /* PokemonAppTests */,
				D69AB0302BAB8FDA0023DB78 /* PokemonAppUITests */,
			);
		};
/* End PBXProject section */

/* Begin PBXResourcesBuildPhase section */
		D69AB0152BAB8FD70023DB78 /* Resources */ = {
			isa = PBXResourcesBuildPhase;
			buildActionMask = 2147483647;
			files = (
				D69AB0222BAB8FDA0023DB78 /* Preview Assets.xcassets in Resources */,
				D69AB01F2BAB8FDA0023DB78 /* Assets.xcassets in Resources */,
			);
			runOnlyForDeploymentPostprocessing = 0;
		};
		D69AB0252BAB8FDA0023DB78 /* Resources */ = {
			isa = PBXResourcesBuildPhase;
			buildActionMask = 2147483647;
			files = (
			);
			runOnlyForDeploymentPostprocessing = 0;
		};
		D69AB02F2BAB8FDA0023DB78 /* Resources */ = {
			isa = PBXResourcesBuildPhase;
			buildActionMask = 2147483647;
			files = (
			);
			runOnlyForDeploymentPostprocessing = 0;
		};
/* End PBXResourcesBuildPhase section */

/* Begin PBXSourcesBuildPhase section */
		D69AB0132BAB8FD70023DB78 /* Sources */ = {
			isa = PBXSourcesBuildPhase;
			buildActionMask = 2147483647;
			files = (
				D69AB0712BAC2BC00023DB78 /* DetailPokemonListBusinessModel.swift in Sources */,
				D69AB0492BABBFF30023DB78 /* RemoteURL.swift in Sources */,
				D69AB06D2BAC1F260023DB78 /* PokemonListBusinessModel.swift in Sources */,
				D69AB0642BABD0B20023DB78 /* PokemonRepository.swift in Sources */,
				D69AB04B2BABC24C0023DB78 /* NSCacheStorage.swift in Sources */,
				D69AB0522BABC6680023DB78 /* ApiService.swift in Sources */,
				D69AB0662BABD1DB0023DB78 /* PokemonListReponse.swift in Sources */,
				D69AB0682BAC11C40023DB78 /* PokemonDetailResponse.swift in Sources */,
				D69AB06F2BAC22580023DB78 /* PokemonUseCase.swift in Sources */,
				D69AB04F2BABC5F40023DB78 /* AppError.swift in Sources */,
				D69AB01D2BAB8FD70023DB78 /* ContentView.swift in Sources */,
				D69AB01B2BAB8FD70023DB78 /* PokemonAppApp.swift in Sources */,
			);
			runOnlyForDeploymentPostprocessing = 0;
		};
		D69AB0232BAB8FDA0023DB78 /* Sources */ = {
			isa = PBXSourcesBuildPhase;
			buildActionMask = 2147483647;
			files = (
				D69AB0572BABC9A80023DB78 /* PokemonFakeList.swift in Sources */,
				D69AB02C2BAB8FDA0023DB78 /* PokemonAppTests.swift in Sources */,
				D69AB0592BABCBDF0023DB78 /* FakeApiService.swift in Sources */,
				D69AB05E2BABD0150023DB78 /* PokemonRepository_tests.swift in Sources */,
			);
			runOnlyForDeploymentPostprocessing = 0;
		};
		D69AB02D2BAB8FDA0023DB78 /* Sources */ = {
			isa = PBXSourcesBuildPhase;
			buildActionMask = 2147483647;
			files = (
				D69AB0382BAB8FDA0023DB78 /* PokemonAppUITestsLaunchTests.swift in Sources */,
				D69AB0362BAB8FDA0023DB78 /* PokemonAppUITests.swift in Sources */,
			);
			runOnlyForDeploymentPostprocessing = 0;
		};
/* End PBXSourcesBuildPhase section */

/* Begin PBXTargetDependency section */
		D69AB0292BAB8FDA0023DB78 /* PBXTargetDependency */ = {
			isa = PBXTargetDependency;
			target = D69AB0162BAB8FD70023DB78 /* PokemonApp */;
			targetProxy = D69AB0282BAB8FDA0023DB78 /* PBXContainerItemProxy */;
		};
		D69AB0332BAB8FDA0023DB78 /* PBXTargetDependency */ = {
			isa = PBXTargetDependency;
			target = D69AB0162BAB8FD70023DB78 /* PokemonApp */;
			targetProxy = D69AB0322BAB8FDA0023DB78 /* PBXContainerItemProxy */;
		};
/* End PBXTargetDependency section */

/* Begin XCBuildConfiguration section */
		D69AB0392BAB8FDA0023DB78 /* Debug */ = {
			isa = XCBuildConfiguration;
			buildSettings = {
				ALWAYS_SEARCH_USER_PATHS = NO;
				ASSETCATALOG_COMPILER_GENERATE_SWIFT_ASSET_SYMBOL_EXTENSIONS = YES;
				CLANG_ANALYZER_NONNULL = YES;
				CLANG_ANALYZER_NUMBER_OBJECT_CONVERSION = YES_AGGRESSIVE;
				CLANG_CXX_LANGUAGE_STANDARD = "gnu++20";
				CLANG_ENABLE_MODULES = YES;
				CLANG_ENABLE_OBJC_ARC = YES;
				CLANG_ENABLE_OBJC_WEAK = YES;
				CLANG_WARN_BLOCK_CAPTURE_AUTORELEASING = YES;
				CLANG_WARN_BOOL_CONVERSION = YES;
				CLANG_WARN_COMMA = YES;
				CLANG_WARN_CONSTANT_CONVERSION = YES;
				CLANG_WARN_DEPRECATED_OBJC_IMPLEMENTATIONS = YES;
				CLANG_WARN_DIRECT_OBJC_ISA_USAGE = YES_ERROR;
				CLANG_WARN_DOCUMENTATION_COMMENTS = YES;
				CLANG_WARN_EMPTY_BODY = YES;
				CLANG_WARN_ENUM_CONVERSION = YES;
				CLANG_WARN_INFINITE_RECURSION = YES;
				CLANG_WARN_INT_CONVERSION = YES;
				CLANG_WARN_NON_LITERAL_NULL_CONVERSION = YES;
				CLANG_WARN_OBJC_IMPLICIT_RETAIN_SELF = YES;
				CLANG_WARN_OBJC_LITERAL_CONVERSION = YES;
				CLANG_WARN_OBJC_ROOT_CLASS = YES_ERROR;
				CLANG_WARN_QUOTED_INCLUDE_IN_FRAMEWORK_HEADER = YES;
				CLANG_WARN_RANGE_LOOP_ANALYSIS = YES;
				CLANG_WARN_STRICT_PROTOTYPES = YES;
				CLANG_WARN_SUSPICIOUS_MOVE = YES;
				CLANG_WARN_UNGUARDED_AVAILABILITY = YES_AGGRESSIVE;
				CLANG_WARN_UNREACHABLE_CODE = YES;
				CLANG_WARN__DUPLICATE_METHOD_MATCH = YES;
				COPY_PHASE_STRIP = NO;
				DEBUG_INFORMATION_FORMAT = dwarf;
				ENABLE_STRICT_OBJC_MSGSEND = YES;
				ENABLE_TESTABILITY = YES;
				ENABLE_USER_SCRIPT_SANDBOXING = YES;
				GCC_C_LANGUAGE_STANDARD = gnu17;
				GCC_DYNAMIC_NO_PIC = NO;
				GCC_NO_COMMON_BLOCKS = YES;
				GCC_OPTIMIZATION_LEVEL = 0;
				GCC_PREPROCESSOR_DEFINITIONS = (
					"DEBUG=1",
					"$(inherited)",
				);
				GCC_WARN_64_TO_32_BIT_CONVERSION = YES;
				GCC_WARN_ABOUT_RETURN_TYPE = YES_ERROR;
				GCC_WARN_UNDECLARED_SELECTOR = YES;
				GCC_WARN_UNINITIALIZED_AUTOS = YES_AGGRESSIVE;
				GCC_WARN_UNUSED_FUNCTION = YES;
				GCC_WARN_UNUSED_VARIABLE = YES;
				IPHONEOS_DEPLOYMENT_TARGET = 17.0;
				LOCALIZATION_PREFERS_STRING_CATALOGS = YES;
				MTL_ENABLE_DEBUG_INFO = INCLUDE_SOURCE;
				MTL_FAST_MATH = YES;
				ONLY_ACTIVE_ARCH = YES;
				SDKROOT = iphoneos;
				SWIFT_ACTIVE_COMPILATION_CONDITIONS = "DEBUG $(inherited)";
				SWIFT_OPTIMIZATION_LEVEL = "-Onone";
			};
			name = Debug;
		};
		D69AB03A2BAB8FDA0023DB78 /* Release */ = {
			isa = XCBuildConfiguration;
			buildSettings = {
				ALWAYS_SEARCH_USER_PATHS = NO;
				ASSETCATALOG_COMPILER_GENERATE_SWIFT_ASSET_SYMBOL_EXTENSIONS = YES;
				CLANG_ANALYZER_NONNULL = YES;
				CLANG_ANALYZER_NUMBER_OBJECT_CONVERSION = YES_AGGRESSIVE;
				CLANG_CXX_LANGUAGE_STANDARD = "gnu++20";
				CLANG_ENABLE_MODULES = YES;
				CLANG_ENABLE_OBJC_ARC = YES;
				CLANG_ENABLE_OBJC_WEAK = YES;
				CLANG_WARN_BLOCK_CAPTURE_AUTORELEASING = YES;
				CLANG_WARN_BOOL_CONVERSION = YES;
				CLANG_WARN_COMMA = YES;
				CLANG_WARN_CONSTANT_CONVERSION = YES;
				CLANG_WARN_DEPRECATED_OBJC_IMPLEMENTATIONS = YES;
				CLANG_WARN_DIRECT_OBJC_ISA_USAGE = YES_ERROR;
				CLANG_WARN_DOCUMENTATION_COMMENTS = YES;
				CLANG_WARN_EMPTY_BODY = YES;
				CLANG_WARN_ENUM_CONVERSION = YES;
				CLANG_WARN_INFINITE_RECURSION = YES;
				CLANG_WARN_INT_CONVERSION = YES;
				CLANG_WARN_NON_LITERAL_NULL_CONVERSION = YES;
				CLANG_WARN_OBJC_IMPLICIT_RETAIN_SELF = YES;
				CLANG_WARN_OBJC_LITERAL_CONVERSION = YES;
				CLANG_WARN_OBJC_ROOT_CLASS = YES_ERROR;
				CLANG_WARN_QUOTED_INCLUDE_IN_FRAMEWORK_HEADER = YES;
				CLANG_WARN_RANGE_LOOP_ANALYSIS = YES;
				CLANG_WARN_STRICT_PROTOTYPES = YES;
				CLANG_WARN_SUSPICIOUS_MOVE = YES;
				CLANG_WARN_UNGUARDED_AVAILABILITY = YES_AGGRESSIVE;
				CLANG_WARN_UNREACHABLE_CODE = YES;
				CLANG_WARN__DUPLICATE_METHOD_MATCH = YES;
				COPY_PHASE_STRIP = NO;
				DEBUG_INFORMATION_FORMAT = "dwarf-with-dsym";
				ENABLE_NS_ASSERTIONS = NO;
				ENABLE_STRICT_OBJC_MSGSEND = YES;
				ENABLE_USER_SCRIPT_SANDBOXING = YES;
				GCC_C_LANGUAGE_STANDARD = gnu17;
				GCC_NO_COMMON_BLOCKS = YES;
				GCC_WARN_64_TO_32_BIT_CONVERSION = YES;
				GCC_WARN_ABOUT_RETURN_TYPE = YES_ERROR;
				GCC_WARN_UNDECLARED_SELECTOR = YES;
				GCC_WARN_UNINITIALIZED_AUTOS = YES_AGGRESSIVE;
				GCC_WARN_UNUSED_FUNCTION = YES;
				GCC_WARN_UNUSED_VARIABLE = YES;
				IPHONEOS_DEPLOYMENT_TARGET = 17.0;
				LOCALIZATION_PREFERS_STRING_CATALOGS = YES;
				MTL_ENABLE_DEBUG_INFO = NO;
				MTL_FAST_MATH = YES;
				SDKROOT = iphoneos;
				SWIFT_COMPILATION_MODE = wholemodule;
				VALIDATE_PRODUCT = YES;
			};
			name = Release;
		};
		D69AB03C2BAB8FDA0023DB78 /* Debug */ = {
			isa = XCBuildConfiguration;
			buildSettings = {
				ASSETCATALOG_COMPILER_APPICON_NAME = AppIcon;
				ASSETCATALOG_COMPILER_GLOBAL_ACCENT_COLOR_NAME = AccentColor;
				CODE_SIGN_STYLE = Automatic;
				CURRENT_PROJECT_VERSION = 1;
				DEVELOPMENT_ASSET_PATHS = "\"PokemonApp/Preview Content\"";
				DEVELOPMENT_TEAM = 2HPB7376SQ;
				ENABLE_PREVIEWS = YES;
				GENERATE_INFOPLIST_FILE = YES;
				INFOPLIST_KEY_UIApplicationSceneManifest_Generation = YES;
				INFOPLIST_KEY_UIApplicationSupportsIndirectInputEvents = YES;
				INFOPLIST_KEY_UILaunchScreen_Generation = YES;
				INFOPLIST_KEY_UISupportedInterfaceOrientations_iPad = "UIInterfaceOrientationPortrait UIInterfaceOrientationPortraitUpsideDown UIInterfaceOrientationLandscapeLeft UIInterfaceOrientationLandscapeRight";
				INFOPLIST_KEY_UISupportedInterfaceOrientations_iPhone = "UIInterfaceOrientationPortrait UIInterfaceOrientationLandscapeLeft UIInterfaceOrientationLandscapeRight";
				LD_RUNPATH_SEARCH_PATHS = (
					"$(inherited)",
					"@executable_path/Frameworks",
				);
				MARKETING_VERSION = 1.0;
				PRODUCT_BUNDLE_IDENTIFIER = GoncalvesHigino.PokemonApp;
				PRODUCT_NAME = "$(TARGET_NAME)";
				SWIFT_EMIT_LOC_STRINGS = YES;
				SWIFT_VERSION = 5.0;
				TARGETED_DEVICE_FAMILY = "1,2";
			};
			name = Debug;
		};
		D69AB03D2BAB8FDA0023DB78 /* Release */ = {
			isa = XCBuildConfiguration;
			buildSettings = {
				ASSETCATALOG_COMPILER_APPICON_NAME = AppIcon;
				ASSETCATALOG_COMPILER_GLOBAL_ACCENT_COLOR_NAME = AccentColor;
				CODE_SIGN_STYLE = Automatic;
				CURRENT_PROJECT_VERSION = 1;
				DEVELOPMENT_ASSET_PATHS = "\"PokemonApp/Preview Content\"";
				DEVELOPMENT_TEAM = 2HPB7376SQ;
				ENABLE_PREVIEWS = YES;
				GENERATE_INFOPLIST_FILE = YES;
				INFOPLIST_KEY_UIApplicationSceneManifest_Generation = YES;
				INFOPLIST_KEY_UIApplicationSupportsIndirectInputEvents = YES;
				INFOPLIST_KEY_UILaunchScreen_Generation = YES;
				INFOPLIST_KEY_UISupportedInterfaceOrientations_iPad = "UIInterfaceOrientationPortrait UIInterfaceOrientationPortraitUpsideDown UIInterfaceOrientationLandscapeLeft UIInterfaceOrientationLandscapeRight";
				INFOPLIST_KEY_UISupportedInterfaceOrientations_iPhone = "UIInterfaceOrientationPortrait UIInterfaceOrientationLandscapeLeft UIInterfaceOrientationLandscapeRight";
				LD_RUNPATH_SEARCH_PATHS = (
					"$(inherited)",
					"@executable_path/Frameworks",
				);
				MARKETING_VERSION = 1.0;
				PRODUCT_BUNDLE_IDENTIFIER = GoncalvesHigino.PokemonApp;
				PRODUCT_NAME = "$(TARGET_NAME)";
				SWIFT_EMIT_LOC_STRINGS = YES;
				SWIFT_VERSION = 5.0;
				TARGETED_DEVICE_FAMILY = "1,2";
			};
			name = Release;
		};
		D69AB03F2BAB8FDA0023DB78 /* Debug */ = {
			isa = XCBuildConfiguration;
			buildSettings = {
				ALWAYS_EMBED_SWIFT_STANDARD_LIBRARIES = YES;
				BUNDLE_LOADER = "$(TEST_HOST)";
				CODE_SIGN_STYLE = Automatic;
				CURRENT_PROJECT_VERSION = 1;
				DEVELOPMENT_TEAM = 2HPB7376SQ;
				GENERATE_INFOPLIST_FILE = YES;
				IPHONEOS_DEPLOYMENT_TARGET = 17.0;
				MARKETING_VERSION = 1.0;
				PRODUCT_BUNDLE_IDENTIFIER = GoncalvesHigino.PokemonAppTests;
				PRODUCT_NAME = "$(TARGET_NAME)";
				SWIFT_EMIT_LOC_STRINGS = NO;
				SWIFT_VERSION = 5.0;
				TARGETED_DEVICE_FAMILY = "1,2";
				TEST_HOST = "$(BUILT_PRODUCTS_DIR)/PokemonApp.app/$(BUNDLE_EXECUTABLE_FOLDER_PATH)/PokemonApp";
			};
			name = Debug;
		};
		D69AB0402BAB8FDA0023DB78 /* Release */ = {
			isa = XCBuildConfiguration;
			buildSettings = {
				ALWAYS_EMBED_SWIFT_STANDARD_LIBRARIES = YES;
				BUNDLE_LOADER = "$(TEST_HOST)";
				CODE_SIGN_STYLE = Automatic;
				CURRENT_PROJECT_VERSION = 1;
				DEVELOPMENT_TEAM = 2HPB7376SQ;
				GENERATE_INFOPLIST_FILE = YES;
				IPHONEOS_DEPLOYMENT_TARGET = 17.0;
				MARKETING_VERSION = 1.0;
				PRODUCT_BUNDLE_IDENTIFIER = GoncalvesHigino.PokemonAppTests;
				PRODUCT_NAME = "$(TARGET_NAME)";
				SWIFT_EMIT_LOC_STRINGS = NO;
				SWIFT_VERSION = 5.0;
				TARGETED_DEVICE_FAMILY = "1,2";
				TEST_HOST = "$(BUILT_PRODUCTS_DIR)/PokemonApp.app/$(BUNDLE_EXECUTABLE_FOLDER_PATH)/PokemonApp";
			};
			name = Release;
		};
		D69AB0422BAB8FDA0023DB78 /* Debug */ = {
			isa = XCBuildConfiguration;
			buildSettings = {
				ALWAYS_EMBED_SWIFT_STANDARD_LIBRARIES = YES;
				CODE_SIGN_STYLE = Automatic;
				CURRENT_PROJECT_VERSION = 1;
				DEVELOPMENT_TEAM = 2HPB7376SQ;
				GENERATE_INFOPLIST_FILE = YES;
				MARKETING_VERSION = 1.0;
				PRODUCT_BUNDLE_IDENTIFIER = GoncalvesHigino.PokemonAppUITests;
				PRODUCT_NAME = "$(TARGET_NAME)";
				SWIFT_EMIT_LOC_STRINGS = NO;
				SWIFT_VERSION = 5.0;
				TARGETED_DEVICE_FAMILY = "1,2";
				TEST_TARGET_NAME = PokemonApp;
			};
			name = Debug;
		};
		D69AB0432BAB8FDA0023DB78 /* Release */ = {
			isa = XCBuildConfiguration;
			buildSettings = {
				ALWAYS_EMBED_SWIFT_STANDARD_LIBRARIES = YES;
				CODE_SIGN_STYLE = Automatic;
				CURRENT_PROJECT_VERSION = 1;
				DEVELOPMENT_TEAM = 2HPB7376SQ;
				GENERATE_INFOPLIST_FILE = YES;
				MARKETING_VERSION = 1.0;
				PRODUCT_BUNDLE_IDENTIFIER = GoncalvesHigino.PokemonAppUITests;
				PRODUCT_NAME = "$(TARGET_NAME)";
				SWIFT_EMIT_LOC_STRINGS = NO;
				SWIFT_VERSION = 5.0;
				TARGETED_DEVICE_FAMILY = "1,2";
				TEST_TARGET_NAME = PokemonApp;
			};
			name = Release;
		};
/* End XCBuildConfiguration section */

/* Begin XCConfigurationList section */
		D69AB0122BAB8FD70023DB78 /* Build configuration list for PBXProject "PokemonApp" */ = {
			isa = XCConfigurationList;
			buildConfigurations = (
				D69AB0392BAB8FDA0023DB78 /* Debug */,
				D69AB03A2BAB8FDA0023DB78 /* Release */,
			);
			defaultConfigurationIsVisible = 0;
			defaultConfigurationName = Release;
		};
		D69AB03B2BAB8FDA0023DB78 /* Build configuration list for PBXNativeTarget "PokemonApp" */ = {
			isa = XCConfigurationList;
			buildConfigurations = (
				D69AB03C2BAB8FDA0023DB78 /* Debug */,
				D69AB03D2BAB8FDA0023DB78 /* Release */,
			);
			defaultConfigurationIsVisible = 0;
			defaultConfigurationName = Release;
		};
		D69AB03E2BAB8FDA0023DB78 /* Build configuration list for PBXNativeTarget "PokemonAppTests" */ = {
			isa = XCConfigurationList;
			buildConfigurations = (
				D69AB03F2BAB8FDA0023DB78 /* Debug */,
				D69AB0402BAB8FDA0023DB78 /* Release */,
			);
			defaultConfigurationIsVisible = 0;
			defaultConfigurationName = Release;
		};
		D69AB0412BAB8FDA0023DB78 /* Build configuration list for PBXNativeTarget "PokemonAppUITests" */ = {
			isa = XCConfigurationList;
			buildConfigurations = (
				D69AB0422BAB8FDA0023DB78 /* Debug */,
				D69AB0432BAB8FDA0023DB78 /* Release */,
			);
			defaultConfigurationIsVisible = 0;
			defaultConfigurationName = Release;
		};
/* End XCConfigurationList section */
	};
	rootObject = D69AB00F2BAB8FD70023DB78 /* Project object */;
}
